# THIS IS AN AUTOGENERATED FILE. DO NOT EDIT THIS FILE DIRECTLY.
# yarn lockfile v1


"@harika-org/sql.js@^1.6.6":
  version "1.6.6"
  resolved "https://registry.yarnpkg.com/@harika-org/sql.js/-/sql.js-1.6.6.tgz#7194571adcce9cf7fe3ac44d42ea3bc280f6806a"
  integrity sha512-vbEq55CZGNdkcT3x+SgfujuUANDEUA4PkejwY9zCF6nslCLJhvm8gzCo2bkHxZDT5RpFCx7eC6uPzeeRDeU3jw==

"@types/emscripten@^1.39.6":
  version "1.39.6"
  resolved "https://registry.yarnpkg.com/@types/emscripten/-/emscripten-1.39.6.tgz#698b90fe60d44acf93c31064218fbea93fbfd85a"
  integrity sha512-H90aoynNhhkQP6DRweEjJp5vfUVdIj7tdPLsu7pq89vODD/lcugKfZOsfgwpvM6XUewEp2N5dCg1Uf3Qe55Dcg==

absurd-sql@^0.0.53:
  version "0.0.53"
  resolved "https://registry.yarnpkg.com/absurd-sql/-/absurd-sql-0.0.53.tgz#e8c84cfd4cf32feb539a667f9f7afe4697c15740"
  integrity sha512-oglPUqDOM9bqbFmeqX5dkJzfk3MccCiZ4MarcqNqonWmVIJuR+/tyEW6F766r3OiKz8H/omzI8Wdipt6NFXkFA==

nanoid@^3.3.4:
  version "3.3.4"
  resolved "https://registry.yarnpkg.com/nanoid/-/nanoid-3.3.4.tgz#730b67e3cd09e2deacf03c027c81c9d9dbc5e8ab"
  integrity sha512-MqBkQh/OHTS2egovRtLk45wEyNXwF+cokD+1YPf9u5VfJiRdAiRwB2froX5Co9Rh20xs4siNPm8naNotSD6RBw==

rxjs@^7.5.5:
  version "7.5.5"
  resolved "https://registry.yarnpkg.com/rxjs/-/rxjs-7.5.5.tgz#2ebad89af0f560f460ad5cc4213219e1f7dd4e9f"
  integrity sha512-sy+H0pQofO95VDmFLzyaw9xNJU4KTRSwQIGM6+iG3SypAtCiLDzpeG8sJrNCWn2Up9km+KhkvTdbkrdy+yzZdw==
  dependencies:
    tslib "^2.1.0"

tslib@^2.1.0:
  version "2.4.0"
  resolved "https://registry.yarnpkg.com/tslib/-/tslib-2.4.0.tgz#7cecaa7f073ce680a05847aa77be941098f36dc3"
  integrity sha512-d6xOpEDfsi2CZVlPQzGeux8XMwLT9hssAsaPYExaQMuYskwb+x1x7J371tWlbBdWHroy99KnVB6qIkUbs5X3UQ==
